{
    "requires": true,
    "lockfileVersion": 1,
    "dependencies": {
        "frappe-charts": {
            "version": "1.5.2",
            "resolved": "https://registry.npmjs.org/frappe-charts/-/frappe-charts-1.5.2.tgz",
            "integrity": "sha512-e//lw86slhJ560YenTqUCHSV9pJVYn1p2fPGu4OGFSIjWcWQ1ydhSqjTIoJu1OhU/HPCGUhlWGmTq3Ln2BS5IA=="
        }
    }
}
